
Microsoft Visual Studio Solution File, Format Version 12.00
# Visual Studio Version 16
VisualStudioVersion = 16.0.30804.86
MinimumVisualStudioVersion = 10.0.40219.1
Project("{FAE04EC0-301F-11D3-BF4B-00C04F79EFBC}") = "Sakklepesek_ErdélyiPéter", "Sakklepesek_ErdélyiPéter.csproj", "{21ECAD9F-4D3B-43D3-98A5-86D492AF1361}"
EndProject
Global
	GlobalSection(SolutionConfigurationPlatforms) = preSolution
		Debug|Any CPU = Debug|Any CPU
		Release|Any CPU = Release|Any CPU
	EndGlobalSection
	GlobalSection(ProjectConfigurationPlatforms) = postSolution
		{21ECAD9F-4D3B-43D3-98A5-86D492AF1361}.Debug|Any CPU.ActiveCfg = Debug|Any CPU
		{21ECAD9F-4D3B-43D3-98A5-86D492AF1361}.Debug|Any CPU.Build.0 = Debug|Any CPU
		{21ECAD9F-4D3B-43D3-98A5-86D492AF1361}.Release|Any CPU.ActiveCfg = Release|Any CPU
		{21ECAD9F-4D3B-43D3-98A5-86D492AF1361}.Release|Any CPU.Build.0 = Release|Any CPU
	EndGlobalSection
	GlobalSection(SolutionProperties) = preSolution
		HideSolutionNode = FALSE
	EndGlobalSection
	GlobalSection(ExtensibilityGlobals) = postSolution
		SolutionGuid = {8F111104-FD14-4D7B-BA25-7ECDAA222153}
	EndGlobalSection
EndGlobal
